{
  "nodes": {
    "dankMaterialShell": {
      "inputs": {
        "dgop": [
          "dgop"
        ],
        "dms-cli": [
          "dms-cli"
        ],
        "nixpkgs": [
          "nixpkgs"
        ]
      },
      "locked": {
        "lastModified": 1762735581,
        "narHash": "sha256-/agJ8fC3v6R6k7A1WIOsJZ5WajkpP9k3Sh8bUeobHbg=",
        "owner": "AvengeMedia",
        "repo": "DankMaterialShell",
        "rev": "c52483da2ccbc39608207d0b747e256f1e4f5bb7",
        "type": "github"
      },
      "original": {
        "owner": "AvengeMedia",
        "repo": "DankMaterialShell",
        "type": "github"
      }
    },
    "dgop": {
      "inputs": {
        "nixpkgs": [
          "nixpkgs"
        ]
      },
      "locked": {
        "lastModified": 1762562974,
        "narHash": "sha256-JqOEEI+rtSLTz4zWT2UEKWXCJfYSXLi7ELV98iffjTA=",
        "owner": "AvengeMedia",
        "repo": "dgop",
        "rev": "ec6b4dadb29b290159deea80a02dfc59bbb75860",
        "type": "github"
      },
      "original": {
        "owner": "AvengeMedia",
        "repo": "dgop",
        "type": "github"
      }
    },
    "dms-cli": {
      "inputs": {
        "nixpkgs": [
          "nixpkgs"
        ]
      },
      "locked": {
        "lastModified": 1762728543,
        "narHash": "sha256-CW3mOAIh9UPGqM5zfQ1a+Tqve8i2nJUt80GFwX0nqow=",
        "owner": "AvengeMedia",
        "repo": "danklinux",
        "rev": "12ce9fd1ae1428cb8f0cc8fc7fb873934567e97c",
        "type": "github"
      },
      "original": {
        "owner": "AvengeMedia",
        "repo": "danklinux",
        "type": "github"
      }
    },
    "home-manager": {
      "inputs": {
        "nixpkgs": [
          "nixpkgs"
        ]
      },
      "locked": {
        "lastModified": 1762721397,
        "narHash": "sha256-E428EuouA4nFTNlLuqlL4lVR78X+EbBIqDqsBFnB79w=",
        "owner": "nix-community",
        "repo": "home-manager",
        "rev": "b8645b18b0f5374127bbade6de7381ef0b3d5720",
        "type": "github"
      },
      "original": {
        "owner": "nix-community",
        "repo": "home-manager",
        "type": "github"
      }
    },
    "home-manager_2": {
      "inputs": {
        "nixpkgs": [
          "zen-browser",
          "nixpkgs"
        ]
      },
      "locked": {
        "lastModified": 1762351818,
        "narHash": "sha256-0ptUDbYwxv1kk/uzEX4+NJjY2e16MaAhtzAOJ6K0TG0=",
        "owner": "nix-community",
        "repo": "home-manager",
        "rev": "b959c67241cae17fc9e4ee7eaf13dfa8512477ea",
        "type": "github"
      },
      "original": {
        "owner": "nix-community",
        "repo": "home-manager",
        "type": "github"
      }
    },
    "niri": {
      "inputs": {
        "niri-stable": "niri-stable",
        "niri-unstable": "niri-unstable",
        "nixpkgs": [
          "nixpkgs"
        ],
        "nixpkgs-stable": "nixpkgs-stable",
        "xwayland-satellite-stable": "xwayland-satellite-stable",
        "xwayland-satellite-unstable": "xwayland-satellite-unstable"
      },
      "locked": {
        "lastModified": 1762691844,
        "narHash": "sha256-hCh64w8kfXnZ/8H7Xpvjns8yBxFKnTO6OJ9954MUbXU=",
        "owner": "sodiboo",
        "repo": "niri-flake",
        "rev": "51f33610ed555bff3b3c80fb634f860f8ba6a85a",
        "type": "github"
      },
      "original": {
        "owner": "sodiboo",
        "repo": "niri-flake",
        "type": "github"
      }
    },
    "niri-stable": {
      "flake": false,
      "locked": {
        "lastModified": 1756556321,
        "narHash": "sha256-RLD89dfjN0RVO86C/Mot0T7aduCygPGaYbog566F0Qo=",
        "owner": "YaLTeR",
        "repo": "niri",
        "rev": "01be0e65f4eb91a9cd624ac0b76aaeab765c7294",
        "type": "github"
      },
      "original": {
        "owner": "YaLTeR",
        "ref": "v25.08",
        "repo": "niri",
        "type": "github"
      }
    },
    "niri-unstable": {
      "flake": false,
      "locked": {
        "lastModified": 1762492604,
        "narHash": "sha256-cjXYF5+gGaapr6d1Jz70GZQVzK4qzwDUwU86p9+H2mM=",
        "owner": "YaLTeR",
        "repo": "niri",
        "rev": "2144f9a6ae7b675213f9bd86d0989c334baa1c00",
        "type": "github"
      },
      "original": {
        "owner": "YaLTeR",
        "repo": "niri",
        "type": "github"
      }
    },
    "nixpkgs": {
      "locked": {
        "lastModified": 1762596750,
        "narHash": "sha256-rXXuz51Bq7DHBlfIjN7jO8Bu3du5TV+3DSADBX7/9YQ=",
        "owner": "nixos",
        "repo": "nixpkgs",
        "rev": "b6a8526db03f735b89dd5ff348f53f752e7ddc8e",
        "type": "github"
      },
      "original": {
        "owner": "nixos",
        "ref": "nixos-unstable",
        "repo": "nixpkgs",
        "type": "github"
      }
    },
    "nixpkgs-stable": {
      "locked": {
        "lastModified": 1762498405,
        "narHash": "sha256-Zg/SCgCaAioc0/SVZQJxuECGPJy+OAeBcGeA5okdYDc=",
        "owner": "NixOS",
        "repo": "nixpkgs",
        "rev": "6faeb062ee4cf4f105989d490831713cc5a43ee1",
        "type": "github"
      },
      "original": {
        "owner": "NixOS",
        "ref": "nixos-25.05",
        "repo": "nixpkgs",
        "type": "github"
      }
    },
    "quickshell": {
      "inputs": {
        "nixpkgs": [
          "nixpkgs"
        ]
      },
      "locked": {
        "lastModified": 1761897390,
        "narHash": "sha256-er4gYrIoThYLjlsOMTysoRfn67d1Gci+ZpqDrtQxrA0=",
        "owner": "outfoxxed",
        "repo": "quickshell",
        "rev": "fc704e6b5d445899a1565955268c91942a4f263f",
        "type": "github"
      },
      "original": {
        "owner": "outfoxxed",
        "repo": "quickshell",
        "type": "github"
      }
    },
    "root": {
      "inputs": {
        "dankMaterialShell": "dankMaterialShell",
        "dgop": "dgop",
        "dms-cli": "dms-cli",
        "home-manager": "home-manager",
        "niri": "niri",
        "nixpkgs": "nixpkgs",
        "quickshell": "quickshell",
        "zen-browser": "zen-browser"
      }
    },
    "xwayland-satellite-stable": {
      "flake": false,
      "locked": {
        "lastModified": 1755491097,
        "narHash": "sha256-m+9tUfsmBeF2Gn4HWa6vSITZ4Gz1eA1F5Kh62B0N4oE=",
        "owner": "Supreeeme",
        "repo": "xwayland-satellite",
        "rev": "388d291e82ffbc73be18169d39470f340707edaa",
        "type": "github"
      },
      "original": {
        "owner": "Supreeeme",
        "ref": "v0.7",
        "repo": "xwayland-satellite",
        "type": "github"
      }
    },
    "xwayland-satellite-unstable": {
      "flake": false,
      "locked": {
        "lastModified": 1762488100,
        "narHash": "sha256-pD8YqwP0/irHWzJtVElnVljR+OaJPAVbJBwqix+uB5A=",
        "owner": "Supreeeme",
        "repo": "xwayland-satellite",
        "rev": "3cd3edffe1be197326e9314816b16bb4e3d685b1",
        "type": "github"
      },
      "original": {
        "owner": "Supreeeme",
        "repo": "xwayland-satellite",
        "type": "github"
      }
    },
    "zen-browser": {
      "inputs": {
        "home-manager": "home-manager_2",
        "nixpkgs": [
          "nixpkgs"
        ]
      },
      "locked": {
        "lastModified": 1762721850,
        "narHash": "sha256-DM2z2mMtHqo7SQkhTRws538Aa9MUxH3pw6u6ZQrfeKk=",
        "owner": "0xc000022070",
        "repo": "zen-browser-flake",
        "rev": "f0c7e6dafa5641880eaa49736526f9101aa0bdb4",
        "type": "github"
      },
      "original": {
        "owner": "0xc000022070",
        "repo": "zen-browser-flake",
        "type": "github"
      }
    }
  },
  "root": "root",
  "version": 7
}
